
Microsoft Visual Studio Solution File, Format Version 12.00
# Visual Studio Version 17
VisualStudioVersion = 17.14.36616.10 d17.14
MinimumVisualStudioVersion = 10.0.40219.1
Project("{FAE04EC0-301F-11D3-BF4B-00C04F79EFBC}") = "NeuroMat", "NeuroMat\NeuroMat.csproj", "{715A94C3-23B5-43B6-BC1E-148247F8B72D}"
EndProject
Global
	GlobalSection(SolutionConfigurationPlatforms) = preSolution
		Debug|Any CPU = Debug|Any CPU
		Release|Any CPU = Release|Any CPU
	EndGlobalSection
	GlobalSection(ProjectConfigurationPlatforms) = postSolution
		{715A94C3-23B5-43B6-BC1E-148247F8B72D}.Debug|Any CPU.ActiveCfg = Debug|Any CPU
		{715A94C3-23B5-43B6-BC1E-148247F8B72D}.Debug|Any CPU.Build.0 = Debug|Any CPU
		{715A94C3-23B5-43B6-BC1E-148247F8B72D}.Release|Any CPU.ActiveCfg = Release|Any CPU
		{715A94C3-23B5-43B6-BC1E-148247F8B72D}.Release|Any CPU.Build.0 = Release|Any CPU
	EndGlobalSection
	GlobalSection(SolutionProperties) = preSolution
		HideSolutionNode = FALSE
	EndGlobalSection
	GlobalSection(ExtensibilityGlobals) = postSolution
		SolutionGuid = {80A69B98-DAC2-4E38-AD16-B070D38F3FFD}
	EndGlobalSection
EndGlobal
